# This file is automatically @generated by Cargo.
# It is not intended for manual editing.
version = 4

[[package]]
name = "smith"
version = "0.1.0"

[[package]]
name = "smith-ai"
version = "0.1.0"

[[package]]
name = "smith-cli"
version = "0.1.0"

[[package]]
name = "smith-core"
version = "0.1.0"

[[package]]
name = "smith-harness"
version = "0.1.0"

[[package]]
name = "smith-tui"
version = "0.1.0"

[[package]]
name = "xtask"
version = "0.1.0"
